
Microsoft Visual Studio Solution File, Format Version 12.00
# Visual Studio 15
VisualStudioVersion = 15.0.28010.2046
MinimumVisualStudioVersion = 10.0.40219.1
Project("{FAE04EC0-301F-11D3-BF4B-00C04F79EFBC}") = "University", "University\University.csproj", "{ADBE3A9A-2BB7-4844-A986-EFD64A51BDB2}"
EndProject
Global
	GlobalSection(SolutionConfigurationPlatforms) = preSolution
		Debug|Any CPU = Debug|Any CPU
		Release|Any CPU = Release|Any CPU
	EndGlobalSection
	GlobalSection(ProjectConfigurationPlatforms) = postSolution
		{ADBE3A9A-2BB7-4844-A986-EFD64A51BDB2}.Debug|Any CPU.ActiveCfg = Debug|Any CPU
		{ADBE3A9A-2BB7-4844-A986-EFD64A51BDB2}.Debug|Any CPU.Build.0 = Debug|Any CPU
		{ADBE3A9A-2BB7-4844-A986-EFD64A51BDB2}.Release|Any CPU.ActiveCfg = Release|Any CPU
		{ADBE3A9A-2BB7-4844-A986-EFD64A51BDB2}.Release|Any CPU.Build.0 = Release|Any CPU
	EndGlobalSection
	GlobalSection(SolutionProperties) = preSolution
		HideSolutionNode = FALSE
	EndGlobalSection
	GlobalSection(ExtensibilityGlobals) = postSolution
		SolutionGuid = {762A8B95-7CBF-4DB8-8C97-E5EF6E16E613}
	EndGlobalSection
EndGlobal
